
Microsoft Visual Studio Solution File, Format Version 12.00
# Visual Studio Version 17
VisualStudioVersion = 17.5.33516.290
MinimumVisualStudioVersion = 10.0.40219.1
Project("{9A19103F-16F7-4668-BE54-9A1E7A4F7556}") = "Chatable", "Chatable.csproj", "{BF730A7C-A805-40C8-B30A-665D5B25FC22}"
EndProject
Global
	GlobalSection(SolutionConfigurationPlatforms) = preSolution
		Debug|Any CPU = Debug|Any CPU
		Release|Any CPU = Release|Any CPU
	EndGlobalSection
	GlobalSection(ProjectConfigurationPlatforms) = postSolution
		{BF730A7C-A805-40C8-B30A-665D5B25FC22}.Debug|Any CPU.ActiveCfg = Debug|Any CPU
		{BF730A7C-A805-40C8-B30A-665D5B25FC22}.Debug|Any CPU.Build.0 = Debug|Any CPU
		{BF730A7C-A805-40C8-B30A-665D5B25FC22}.Release|Any CPU.ActiveCfg = Release|Any CPU
		{BF730A7C-A805-40C8-B30A-665D5B25FC22}.Release|Any CPU.Build.0 = Release|Any CPU
	EndGlobalSection
	GlobalSection(SolutionProperties) = preSolution
		HideSolutionNode = FALSE
	EndGlobalSection
	GlobalSection(ExtensibilityGlobals) = postSolution
		SolutionGuid = {887A47A7-0B4D-4FF9-B7BF-5B388D49A1E4}
	EndGlobalSection
EndGlobal
